
Microsoft Visual Studio Solution File, Format Version 12.00
# Visual Studio Version 17
VisualStudioVersion = 17.4.33205.214
MinimumVisualStudioVersion = 10.0.40219.1
Project("{9A19103F-16F7-4668-BE54-9A1E7A4F7556}") = "questpdf versuch", "questpdf versuch\questpdf versuch.csproj", "{6EF8AE74-E17B-4442-B215-D68E902EEDBF}"
EndProject
Global
	GlobalSection(SolutionConfigurationPlatforms) = preSolution
		Debug|Any CPU = Debug|Any CPU
		Release|Any CPU = Release|Any CPU
	EndGlobalSection
	GlobalSection(ProjectConfigurationPlatforms) = postSolution
		{6EF8AE74-E17B-4442-B215-D68E902EEDBF}.Debug|Any CPU.ActiveCfg = Debug|Any CPU
		{6EF8AE74-E17B-4442-B215-D68E902EEDBF}.Debug|Any CPU.Build.0 = Debug|Any CPU
		{6EF8AE74-E17B-4442-B215-D68E902EEDBF}.Release|Any CPU.ActiveCfg = Release|Any CPU
		{6EF8AE74-E17B-4442-B215-D68E902EEDBF}.Release|Any CPU.Build.0 = Release|Any CPU
	EndGlobalSection
	GlobalSection(SolutionProperties) = preSolution
		HideSolutionNode = FALSE
	EndGlobalSection
	GlobalSection(ExtensibilityGlobals) = postSolution
		SolutionGuid = {C2E5D189-7812-4F58-8E94-0D5233B7AAC0}
	EndGlobalSection
EndGlobal
